
Microsoft Visual Studio Solution File, Format Version 12.00
# Visual Studio 15
VisualStudioVersion = 15.0.28307.329
MinimumVisualStudioVersion = 10.0.40219.1
Project("{FAE04EC0-301F-11D3-BF4B-00C04F79EFBC}") = "DAL", "DAL\DAL.csproj", "{08729888-7520-4AFA-ABFE-C0FFC593DEBB}"
EndProject
Project("{9A19103F-16F7-4668-BE54-9A1E7A4F7556}") = "Entities", "Entities\Entities.csproj", "{7348C5FF-A2AD-41D7-8D0E-A811CC9862E2}"
EndProject
Project("{FAE04EC0-301F-11D3-BF4B-00C04F79EFBC}") = "Test", "Test\Test.csproj", "{9B6197E4-C9FB-4988-A952-B1913BBD355C}"
EndProject
Global
	GlobalSection(SolutionConfigurationPlatforms) = preSolution
		Debug|Any CPU = Debug|Any CPU
		Release|Any CPU = Release|Any CPU
	EndGlobalSection
	GlobalSection(ProjectConfigurationPlatforms) = postSolution
		{08729888-7520-4AFA-ABFE-C0FFC593DEBB}.Debug|Any CPU.ActiveCfg = Debug|Any CPU
		{08729888-7520-4AFA-ABFE-C0FFC593DEBB}.Debug|Any CPU.Build.0 = Debug|Any CPU
		{08729888-7520-4AFA-ABFE-C0FFC593DEBB}.Release|Any CPU.ActiveCfg = Release|Any CPU
		{08729888-7520-4AFA-ABFE-C0FFC593DEBB}.Release|Any CPU.Build.0 = Release|Any CPU
		{7348C5FF-A2AD-41D7-8D0E-A811CC9862E2}.Debug|Any CPU.ActiveCfg = Debug|Any CPU
		{7348C5FF-A2AD-41D7-8D0E-A811CC9862E2}.Debug|Any CPU.Build.0 = Debug|Any CPU
		{7348C5FF-A2AD-41D7-8D0E-A811CC9862E2}.Release|Any CPU.ActiveCfg = Release|Any CPU
		{7348C5FF-A2AD-41D7-8D0E-A811CC9862E2}.Release|Any CPU.Build.0 = Release|Any CPU
		{9B6197E4-C9FB-4988-A952-B1913BBD355C}.Debug|Any CPU.ActiveCfg = Debug|Any CPU
		{9B6197E4-C9FB-4988-A952-B1913BBD355C}.Debug|Any CPU.Build.0 = Debug|Any CPU
		{9B6197E4-C9FB-4988-A952-B1913BBD355C}.Release|Any CPU.ActiveCfg = Release|Any CPU
		{9B6197E4-C9FB-4988-A952-B1913BBD355C}.Release|Any CPU.Build.0 = Release|Any CPU
	EndGlobalSection
	GlobalSection(SolutionProperties) = preSolution
		HideSolutionNode = FALSE
	EndGlobalSection
	GlobalSection(ExtensibilityGlobals) = postSolution
		SolutionGuid = {50824FF5-3BCE-4F86-AB22-68B9073D2E0D}
	EndGlobalSection
EndGlobal
